// !$*UTF8*$!
{
	archiveVersion = 1;
	classes = {
	};
	objectVersion = 46;
	objects = {

/* Begin PBXBuildFile section */
		050CA83A174E1ACB00EC61B4 /* FMTextView.m in Sources */ = {isa = PBXBuildFile; fileRef = 050CA839174E1ACB00EC61B4 /* FMTextView.m */; };
		050CE691174E361F002FB9BB /* profile@2x.png in Resources */ = {isa = PBXBuildFile; fileRef = 050CE690174E361F002FB9BB /* profile@2x.png */; };
		050CE697174E3CAF002FB9BB /* button@2x.png in Resources */ = {isa = PBXBuildFile; fileRef = 050CE696174E3CAF002FB9BB /* button@2x.png */; };
		050CE69E174E3F77002FB9BB /* back_bt@2x.png in Resources */ = {isa = PBXBuildFile; fileRef = 050CE69C174E3F77002FB9BB /* back_bt@2x.png */; };
		050CE69F174E3F77002FB9BB /* fin_bt@2x.png in Resources */ = {isa = PBXBuildFile; fileRef = 050CE69D174E3F77002FB9BB /* fin_bt@2x.png */; };
		050CE6A5174E4B26002FB9BB /* search@2x.png in Resources */ = {isa = PBXBuildFile; fileRef = 050CE6A4174E4B26002FB9BB /* search@2x.png */; };
		050CE6A9174E4CA7002FB9BB /* table@2x.png in Resources */ = {isa = PBXBuildFile; fileRef = 050CE6A8174E4CA7002FB9BB /* table@2x.png */; };
		050CE6AB174E4DB8002FB9BB /* menu@2x.png in Resources */ = {isa = PBXBuildFile; fileRef = 050CE6AA174E4DB8002FB9BB /* menu@2x.png */; };
		052A3DAE1754A25C0064B176 /* FeedbackViewController.m in Sources */ = {isa = PBXBuildFile; fileRef = 052A3DAD1754A25C0064B176 /* FeedbackViewController.m */; };
		052A3DB11754BE500064B176 /* FMFeedback.m in Sources */ = {isa = PBXBuildFile; fileRef = 052A3DB01754BE500064B176 /* FMFeedback.m */; };
		052A3DB41754C0B50064B176 /* FMFeedbackNetworkOperation.m in Sources */ = {isa = PBXBuildFile; fileRef = 052A3DB31754C0B50064B176 /* FMFeedbackNetworkOperation.m */; };
		052A3DB61754D6BB0064B176 /* login_bt@2x.png in Resources */ = {isa = PBXBuildFile; fileRef = 052A3DB51754D6BB0064B176 /* login_bt@2x.png */; };
		053FE4EA17450A41003BAAD7 /* FMButton.m in Sources */ = {isa = PBXBuildFile; fileRef = 053FE4E917450A41003BAAD7 /* FMButton.m */; };
		05436527173A506400A2D82F /* NSObject+SBJson.m in Sources */ = {isa = PBXBuildFile; fileRef = 0543650F173A506400A2D82F /* NSObject+SBJson.m */; };
		05436528173A506400A2D82F /* SBJsonParser.m in Sources */ = {isa = PBXBuildFile; fileRef = 05436512173A506400A2D82F /* SBJsonParser.m */; };
		05436529173A506400A2D82F /* SBJsonStreamParser.m in Sources */ = {isa = PBXBuildFile; fileRef = 05436514173A506400A2D82F /* SBJsonStreamParser.m */; };
		0543652A173A506400A2D82F /* SBJsonStreamParserAccumulator.m in Sources */ = {isa = PBXBuildFile; fileRef = 05436516173A506400A2D82F /* SBJsonStreamParserAccumulator.m */; };
		0543652B173A506400A2D82F /* SBJsonStreamParserAdapter.m in Sources */ = {isa = PBXBuildFile; fileRef = 05436518173A506400A2D82F /* SBJsonStreamParserAdapter.m */; };
		0543652C173A506400A2D82F /* SBJsonStreamParserState.m in Sources */ = {isa = PBXBuildFile; fileRef = 0543651A173A506400A2D82F /* SBJsonStreamParserState.m */; };
		0543652D173A506400A2D82F /* SBJsonStreamWriter.m in Sources */ = {isa = PBXBuildFile; fileRef = 0543651C173A506400A2D82F /* SBJsonStreamWriter.m */; };
		0543652E173A506400A2D82F /* SBJsonStreamWriterAccumulator.m in Sources */ = {isa = PBXBuildFile; fileRef = 0543651E173A506400A2D82F /* SBJsonStreamWriterAccumulator.m */; };
		0543652F173A506400A2D82F /* SBJsonStreamWriterState.m in Sources */ = {isa = PBXBuildFile; fileRef = 05436520173A506400A2D82F /* SBJsonStreamWriterState.m */; };
		05436530173A506400A2D82F /* SBJsonTokeniser.m in Sources */ = {isa = PBXBuildFile; fileRef = 05436522173A506400A2D82F /* SBJsonTokeniser.m */; };
		05436531173A506400A2D82F /* SBJsonUTF8Stream.m in Sources */ = {isa = PBXBuildFile; fileRef = 05436524173A506400A2D82F /* SBJsonUTF8Stream.m */; };
		05436532173A506400A2D82F /* SBJsonWriter.m in Sources */ = {isa = PBXBuildFile; fileRef = 05436526173A506400A2D82F /* SBJsonWriter.m */; };
		054CCFFC17538E0E00221813 /* icon_friend@2x.png in Resources */ = {isa = PBXBuildFile; fileRef = 054CCFF817538E0E00221813 /* icon_friend@2x.png */; };
		054CCFFD17538E0E00221813 /* icon_info@2x.png in Resources */ = {isa = PBXBuildFile; fileRef = 054CCFF917538E0E00221813 /* icon_info@2x.png */; };
		054CCFFE17538E0E00221813 /* icon_logout@2x.png in Resources */ = {isa = PBXBuildFile; fileRef = 054CCFFA17538E0E00221813 /* icon_logout@2x.png */; };
		054CCFFF17538E0E00221813 /* icon_user@2x.png in Resources */ = {isa = PBXBuildFile; fileRef = 054CCFFB17538E0E00221813 /* icon_user@2x.png */; };
		054CD002175493BA00221813 /* InformationViewController.m in Sources */ = {isa = PBXBuildFile; fileRef = 054CD001175493BA00221813 /* InformationViewController.m */; };
		054CD0051754957C00221813 /* LicenceViewController.m in Sources */ = {isa = PBXBuildFile; fileRef = 054CD0041754957C00221813 /* LicenceViewController.m */; };
		0551BCD21753029B00DD4388 /* setting@2x.png in Resources */ = {isa = PBXBuildFile; fileRef = 0551BCD11753029B00DD4388 /* setting@2x.png */; };
		0551BCD4175302BC00DD4388 /* setting_view@2x.png in Resources */ = {isa = PBXBuildFile; fileRef = 0551BCD3175302BC00DD4388 /* setting_view@2x.png */; };
		0551BCD6175303E100DD4388 /* delete_bt@2x.png in Resources */ = {isa = PBXBuildFile; fileRef = 0551BCD5175303E100DD4388 /* delete_bt@2x.png */; };
		0551BCDD17531DD900DD4388 /* off_image@2x.png in Resources */ = {isa = PBXBuildFile; fileRef = 0551BCDB17531DD900DD4388 /* off_image@2x.png */; };
		0551BCDE17531DD900DD4388 /* on_image@2x.png in Resources */ = {isa = PBXBuildFile; fileRef = 0551BCDC17531DD900DD4388 /* on_image@2x.png */; };
		055CFAD5174257F600145C10 /* FMCommentNetworkOperation.m in Sources */ = {isa = PBXBuildFile; fileRef = 055CFAD4174257F600145C10 /* FMCommentNetworkOperation.m */; };
		056E42DE173E367F00534D8B /* FMComment.m in Sources */ = {isa = PBXBuildFile; fileRef = 056E42D8173E367F00534D8B /* FMComment.m */; };
		056E42DF173E367F00534D8B /* FMCommentManager.m in Sources */ = {isa = PBXBuildFile; fileRef = 056E42DA173E367F00534D8B /* FMCommentManager.m */; };
		056E42E0173E367F00534D8B /* FMClient.m in Sources */ = {isa = PBXBuildFile; fileRef = 056E42DB173E367F00534D8B /* FMClient.m */; };
		056E42E5173E36A600534D8B /* FMFriend.m in Sources */ = {isa = PBXBuildFile; fileRef = 056E42E2173E36A600534D8B /* FMFriend.m */; };
		056E42E6173E36A600534D8B /* FMFriendManager.m in Sources */ = {isa = PBXBuildFile; fileRef = 056E42E4173E36A600534D8B /* FMFriendManager.m */; };
		056E42E9173E36CB00534D8B /* FMUser.m in Sources */ = {isa = PBXBuildFile; fileRef = 056E42E8173E36CB00534D8B /* FMUser.m */; };
		056E42EC173E371700534D8B /* MyTextField.m in Sources */ = {isa = PBXBuildFile; fileRef = 056E42EB173E371700534D8B /* MyTextField.m */; };
		056E432617411F0D00534D8B /* FMConnector.m in Sources */ = {isa = PBXBuildFile; fileRef = 056E432517411F0D00534D8B /* FMConnector.m */; };
		056E4329174125F900534D8B /* FMJsonParseOperation.m in Sources */ = {isa = PBXBuildFile; fileRef = 056E4328174125F900534D8B /* FMJsonParseOperation.m */; };
		0595577D174F4D45005A84F8 /* tab_brar@2x.png in Resources */ = {isa = PBXBuildFile; fileRef = 0595577C174F4D45005A84F8 /* tab_brar@2x.png */; };
		0595577F174F53F0005A84F8 /* addbutton@2x.png in Resources */ = {isa = PBXBuildFile; fileRef = 0595577E174F53F0005A84F8 /* addbutton@2x.png */; };
		05955785174F6C56005A84F8 /* FMSwipeGestureRecognizer.m in Sources */ = {isa = PBXBuildFile; fileRef = 05955784174F6C56005A84F8 /* FMSwipeGestureRecognizer.m */; };
		0595578A1752F76C005A84F8 /* CommentSettingView.xib in Resources */ = {isa = PBXBuildFile; fileRef = 059557891752F76C005A84F8 /* CommentSettingView.xib */; };
		0595578D1752F931005A84F8 /* CommentSettingView.m in Sources */ = {isa = PBXBuildFile; fileRef = 0595578C1752F931005A84F8 /* CommentSettingView.m */; };
		0596ABEE174744280020144B /* FMSwitch.m in Sources */ = {isa = PBXBuildFile; fileRef = 0596ABED174744280020144B /* FMSwitch.m */; };
		0596ABF117477CC10020144B /* LeftViewController.m in Sources */ = {isa = PBXBuildFile; fileRef = 0596ABF017477CC10020144B /* LeftViewController.m */; };
		0596ABF41747848E0020144B /* FMControllerManager.m in Sources */ = {isa = PBXBuildFile; fileRef = 0596ABF31747848D0020144B /* FMControllerManager.m */; };
		0596ABF7174794340020144B /* UserViewController.m in Sources */ = {isa = PBXBuildFile; fileRef = 0596ABF6174794340020144B /* UserViewController.m */; };
		059B4DE01758B46B002B7972 /* back@2x.png in Resources */ = {isa = PBXBuildFile; fileRef = 059B4DDE1758B46B002B7972 /* back@2x.png */; };
		059B4DE41758B97A002B7972 /* received_top@2x.png in Resources */ = {isa = PBXBuildFile; fileRef = 059B4DE21758B97A002B7972 /* received_top@2x.png */; };
		059B4DE51758B97A002B7972 /* received@2x.png in Resources */ = {isa = PBXBuildFile; fileRef = 059B4DE31758B97A002B7972 /* received@2x.png */; };
		059B4DE71758C252002B7972 /* bt_pushed@2x.png in Resources */ = {isa = PBXBuildFile; fileRef = 059B4DE61758C252002B7972 /* bt_pushed@2x.png */; };
		059B4DF31758D50C002B7972 /* libGoogleAnalytics.a in Frameworks */ = {isa = PBXBuildFile; fileRef = 059B4DF21758D50C002B7972 /* libGoogleAnalytics.a */; };
		059B4DF617599B09002B7972 /* libGoogleAnalytics_debug.a in Frameworks */ = {isa = PBXBuildFile; fileRef = 059B4DF517599B09002B7972 /* libGoogleAnalytics_debug.a */; };
		059B4E0117599F4A002B7972 /* CoreData.framework in Frameworks */ = {isa = PBXBuildFile; fileRef = 059B4DE81758D4D6002B7972 /* CoreData.framework */; };
		059B4E0217599F55002B7972 /* SystemConfiguration.framework in Frameworks */ = {isa = PBXBuildFile; fileRef = 059B4DEA1758D4DC002B7972 /* SystemConfiguration.framework */; };
		059B4E071759B060002B7972 /* libCrittercism_v3_5_3.a in Frameworks */ = {isa = PBXBuildFile; fileRef = 059B4E061759B060002B7972 /* libCrittercism_v3_5_3.a */; };
		05AA7CE8174A25100034B054 /* UIKit.framework in Frameworks */ = {isa = PBXBuildFile; fileRef = 05D47150172C2D8800556FDC /* UIKit.framework */; };
		05AA7CE9174A25100034B054 /* Foundation.framework in Frameworks */ = {isa = PBXBuildFile; fileRef = 05D47152172C2D8800556FDC /* Foundation.framework */; };
		05AA7CEF174A25100034B054 /* InfoPlist.strings in Resources */ = {isa = PBXBuildFile; fileRef = 05AA7CED174A25100034B054 /* InfoPlist.strings */; };
		05AA7CF2174A25100034B054 /* FaceMemoUnitTests.m in Sources */ = {isa = PBXBuildFile; fileRef = 05AA7CF1174A25100034B054 /* FaceMemoUnitTests.m */; };
		05AA7CF8174A25330034B054 /* SenTestingKit.framework in Frameworks */ = {isa = PBXBuildFile; fileRef = 05AA7CF7174A25330034B054 /* SenTestingKit.framework */; };
		05C2609B174CFE620047C63E /* comment@2x.png in Resources */ = {isa = PBXBuildFile; fileRef = 05C2609A174CFE620047C63E /* comment@2x.png */; };
		05CF527E174A49CC0006B9CC /* MBProgressHUD.m in Sources */ = {isa = PBXBuildFile; fileRef = 05CF527D174A49CC0006B9CC /* MBProgressHUD.m */; };
		05CF5282174A64380006B9CC /* 37x-Checkmark.png in Resources */ = {isa = PBXBuildFile; fileRef = 05CF5280174A64380006B9CC /* 37x-Checkmark.png */; };
		05CF5283174A64380006B9CC /* 37x-Checkmark@2x.png in Resources */ = {isa = PBXBuildFile; fileRef = 05CF5281174A64380006B9CC /* 37x-Checkmark@2x.png */; };
		05D47151172C2D8800556FDC /* UIKit.framework in Frameworks */ = {isa = PBXBuildFile; fileRef = 05D47150172C2D8800556FDC /* UIKit.framework */; };
		05D47153172C2D8800556FDC /* Foundation.framework in Frameworks */ = {isa = PBXBuildFile; fileRef = 05D47152172C2D8800556FDC /* Foundation.framework */; };
		05D47155172C2D8800556FDC /* CoreGraphics.framework in Frameworks */ = {isa = PBXBuildFile; fileRef = 05D47154172C2D8800556FDC /* CoreGraphics.framework */; };
		05D4715B172C2D8800556FDC /* InfoPlist.strings in Resources */ = {isa = PBXBuildFile; fileRef = 05D47159172C2D8800556FDC /* InfoPlist.strings */; };
		05D4715D172C2D8800556FDC /* main.m in Sources */ = {isa = PBXBuildFile; fileRef = 05D4715C172C2D8800556FDC /* main.m */; };
		05D47161172C2D8800556FDC /* AppDelegate.m in Sources */ = {isa = PBXBuildFile; fileRef = 05D47160172C2D8800556FDC /* AppDelegate.m */; };
		05D47163172C2D8800556FDC /* Default.png in Resources */ = {isa = PBXBuildFile; fileRef = 05D47162172C2D8800556FDC /* Default.png */; };
		05D47165172C2D8800556FDC /* Default@2x.png in Resources */ = {isa = PBXBuildFile; fileRef = 05D47164172C2D8800556FDC /* Default@2x.png */; };
		05D47167172C2D8800556FDC /* Default-568h@2x.png in Resources */ = {isa = PBXBuildFile; fileRef = 05D47166172C2D8800556FDC /* Default-568h@2x.png */; };
		05D4716A172C2D8900556FDC /* MainStoryboard.storyboard in Resources */ = {isa = PBXBuildFile; fileRef = 05D47168172C2D8800556FDC /* MainStoryboard.storyboard */; };
		05FB4BB4172CCB6E006AEF79 /* IIViewDeckController.m in Sources */ = {isa = PBXBuildFile; fileRef = 05FB4BB3172CCB6E006AEF79 /* IIViewDeckController.m */; };
		05FB4BB7172CCB99006AEF79 /* QuartzCore.framework in Frameworks */ = {isa = PBXBuildFile; fileRef = 05FB4BB5172CCB81006AEF79 /* QuartzCore.framework */; };
		05FB4BBA172CCBF5006AEF79 /* FriendsViewController.m in Sources */ = {isa = PBXBuildFile; fileRef = 05FB4BB9172CCBF5006AEF79 /* FriendsViewController.m */; };
		05FB4BBD172CCC4D006AEF79 /* DetailViewController.m in Sources */ = {isa = PBXBuildFile; fileRef = 05FB4BBC172CCC4D006AEF79 /* DetailViewController.m */; };
		05FB4BC3172CD08F006AEF79 /* IIWrapController.m in Sources */ = {isa = PBXBuildFile; fileRef = 05FB4BC2172CD08E006AEF79 /* IIWrapController.m */; };
		05FB4BC6172CE6B9006AEF79 /* BaseViewController.m in Sources */ = {isa = PBXBuildFile; fileRef = 05FB4BC5172CE6B9006AEF79 /* BaseViewController.m */; };
		05FB4BC9172CEB7C006AEF79 /* Social.framework in Frameworks */ = {isa = PBXBuildFile; fileRef = 05FB4BC7172CEB6F006AEF79 /* Social.framework */; };
		05FB4BCC172CEBDF006AEF79 /* Accounts.framework in Frameworks */ = {isa = PBXBuildFile; fileRef = 05FB4BCA172CEBD8006AEF79 /* Accounts.framework */; };
		05FB4BD7172CFCD6006AEF79 /* FacebookSDK.framework in Frameworks */ = {isa = PBXBuildFile; fileRef = 05FB4BD6172CFCD6006AEF79 /* FacebookSDK.framework */; };
		05FB4BD9172CFD14006AEF79 /* FacebookSDKResources.bundle in Resources */ = {isa = PBXBuildFile; fileRef = 05FB4BD8172CFD14006AEF79 /* FacebookSDKResources.bundle */; };
		05FB4BDC172CFD91006AEF79 /* AdSupport.framework in Frameworks */ = {isa = PBXBuildFile; fileRef = 05FB4BDA172CFD91006AEF79 /* AdSupport.framework */; };
		05FB4BDD172CFD91006AEF79 /* Security.framework in Frameworks */ = {isa = PBXBuildFile; fileRef = 05FB4BDB172CFD91006AEF79 /* Security.framework */; };
		05FB4BDF172CFDD9006AEF79 /* libsqlite3.dylib in Frameworks */ = {isa = PBXBuildFile; fileRef = 05FB4BDE172CFDD9006AEF79 /* libsqlite3.dylib */; };
		05FB4BE2172D1661006AEF79 /* LoginViewController.m in Sources */ = {isa = PBXBuildFile; fileRef = 05FB4BE1172D1660006AEF79 /* LoginViewController.m */; };
/* End PBXBuildFile section */

/* Begin PBXContainerItemProxy section */
		05AA7CF9174A25560034B054 /* PBXContainerItemProxy */ = {
			isa = PBXContainerItemProxy;
			containerPortal = 05D47145172C2D8800556FDC /* Project object */;
			proxyType = 1;
			remoteGlobalIDString = 05D4714C172C2D8800556FDC;
			remoteInfo = FaceMemo;
		};
/* End PBXContainerItemProxy section */

/* Begin PBXFileReference section */
		050CA838174E1ACB00EC61B4 /* FMTextView.h */ = {isa = PBXFileReference; fileEncoding = 4; lastKnownFileType = sourcecode.c.h; name = FMTextView.h; path = ../../FMTextView.h; sourceTree = "<group>"; };
		050CA839174E1ACB00EC61B4 /* FMTextView.m */ = {isa = PBXFileReference; fileEncoding = 4; lastKnownFileType = sourcecode.c.objc; name = FMTextView.m; path = ../../FMTextView.m; sourceTree = "<group>"; };
		050CE690174E361F002FB9BB /* profile@2x.png */ = {isa = PBXFileReference; lastKnownFileType = image.png; path = "profile@2x.png"; sourceTree = "<group>"; };
		050CE696174E3CAF002FB9BB /* button@2x.png */ = {isa = PBXFileReference; lastKnownFileType = image.png; path = "button@2x.png"; sourceTree = "<group>"; };
		050CE69C174E3F77002FB9BB /* back_bt@2x.png */ = {isa = PBXFileReference; lastKnownFileType = image.png; path = "back_bt@2x.png"; sourceTree = "<group>"; };
		050CE69D174E3F77002FB9BB /* fin_bt@2x.png */ = {isa = PBXFileReference; lastKnownFileType = image.png; path = "fin_bt@2x.png"; sourceTree = "<group>"; };
		050CE6A4174E4B26002FB9BB /* search@2x.png */ = {isa = PBXFileReference; lastKnownFileType = image.png; path = "search@2x.png"; sourceTree = "<group>"; };
		050CE6A8174E4CA7002FB9BB /* table@2x.png */ = {isa = PBXFileReference; lastKnownFileType = image.png; path = "table@2x.png"; sourceTree = "<group>"; };
		050CE6AA174E4DB8002FB9BB /* menu@2x.png */ = {isa = PBXFileReference; lastKnownFileType = image.png; path = "menu@2x.png"; sourceTree = "<group>"; };
		052A3DAC1754A25C0064B176 /* FeedbackViewController.h */ = {isa = PBXFileReference; fileEncoding = 4; lastKnownFileType = sourcecode.c.h; name = FeedbackViewController.h; path = ../../FeedbackViewController.h; sourceTree = "<group>"; };
		052A3DAD1754A25C0064B176 /* FeedbackViewController.m */ = {isa = PBXFileReference; fileEncoding = 4; lastKnownFileType = sourcecode.c.objc; name = FeedbackViewController.m; path = ../../FeedbackViewController.m; sourceTree = "<group>"; };
		052A3DAF1754BE500064B176 /* FMFeedback.h */ = {isa = PBXFileReference; fileEncoding = 4; lastKnownFileType = sourcecode.c.h; name = FMFeedback.h; path = ../Controller/FMFeedback.h; sourceTree = "<group>"; };
		052A3DB01754BE500064B176 /* FMFeedback.m */ = {isa = PBXFileReference; fileEncoding = 4; lastKnownFileType = sourcecode.c.objc; name = FMFeedback.m; path = ../Controller/FMFeedback.m; sourceTree = "<group>"; };
		052A3DB21754C0B50064B176 /* FMFeedbackNetworkOperation.h */ = {isa = PBXFileReference; fileEncoding = 4; lastKnownFileType = sourcecode.c.h; name = FMFeedbackNetworkOperation.h; path = ../../FMFeedbackNetworkOperation.h; sourceTree = "<group>"; };
		052A3DB31754C0B50064B176 /* FMFeedbackNetworkOperation.m */ = {isa = PBXFileReference; fileEncoding = 4; lastKnownFileType = sourcecode.c.objc; name = FMFeedbackNetworkOperation.m; path = ../../FMFeedbackNetworkOperation.m; sourceTree = "<group>"; };
		052A3DB51754D6BB0064B176 /* login_bt@2x.png */ = {isa = PBXFileReference; lastKnownFileType = image.png; path = "login_bt@2x.png"; sourceTree = "<group>"; };
		053FE4E817450A41003BAAD7 /* FMButton.h */ = {isa = PBXFileReference; fileEncoding = 4; lastKnownFileType = sourcecode.c.h; name = FMButton.h; path = ../../FMButton.h; sourceTree = "<group>"; };
		053FE4E917450A41003BAAD7 /* FMButton.m */ = {isa = PBXFileReference; fileEncoding = 4; lastKnownFileType = sourcecode.c.objc; name = FMButton.m; path = ../../FMButton.m; sourceTree = "<group>"; };
		0543650E173A506400A2D82F /* NSObject+SBJson.h */ = {isa = PBXFileReference; fileEncoding = 4; lastKnownFileType = sourcecode.c.h; path = "NSObject+SBJson.h"; sourceTree = "<group>"; };
		0543650F173A506400A2D82F /* NSObject+SBJson.m */ = {isa = PBXFileReference; fileEncoding = 4; lastKnownFileType = sourcecode.c.objc; path = "NSObject+SBJson.m"; sourceTree = "<group>"; };
		05436510173A506400A2D82F /* SBJson.h */ = {isa = PBXFileReference; fileEncoding = 4; lastKnownFileType = sourcecode.c.h; path = SBJson.h; sourceTree = "<group>"; };
		05436511173A506400A2D82F /* SBJsonParser.h */ = {isa = PBXFileReference; fileEncoding = 4; lastKnownFileType = sourcecode.c.h; path = SBJsonParser.h; sourceTree = "<group>"; };
		05436512173A506400A2D82F /* SBJsonParser.m */ = {isa = PBXFileReference; fileEncoding = 4; lastKnownFileType = sourcecode.c.objc; path = SBJsonParser.m; sourceTree = "<group>"; };
		05436513173A506400A2D82F /* SBJsonStreamParser.h */ = {isa = PBXFileReference; fileEncoding = 4; lastKnownFileType = sourcecode.c.h; path = SBJsonStreamParser.h; sourceTree = "<group>"; };
		05436514173A506400A2D82F /* SBJsonStreamParser.m */ = {isa = PBXFileReference; fileEncoding = 4; lastKnownFileType = sourcecode.c.objc; path = SBJsonStreamParser.m; sourceTree = "<group>"; };
		05436515173A506400A2D82F /* SBJsonStreamParserAccumulator.h */ = {isa = PBXFileReference; fileEncoding = 4; lastKnownFileType = sourcecode.c.h; path = SBJsonStreamParserAccumulator.h; sourceTree = "<group>"; };
		05436516173A506400A2D82F /* SBJsonStreamParserAccumulator.m */ = {isa = PBXFileReference; fileEncoding = 4; lastKnownFileType = sourcecode.c.objc; path = SBJsonStreamParserAccumulator.m; sourceTree = "<group>"; };
		05436517173A506400A2D82F /* SBJsonStreamParserAdapter.h */ = {isa = PBXFileReference; fileEncoding = 4; lastKnownFileType = sourcecode.c.h; path = SBJsonStreamParserAdapter.h; sourceTree = "<group>"; };
		05436518173A506400A2D82F /* SBJsonStreamParserAdapter.m */ = {isa = PBXFileReference; fileEncoding = 4; lastKnownFileType = sourcecode.c.objc; path = SBJsonStreamParserAdapter.m; sourceTree = "<group>"; };
		05436519173A506400A2D82F /* SBJsonStreamParserState.h */ = {isa = PBXFileReference; fileEncoding = 4; lastKnownFileType = sourcecode.c.h; path = SBJsonStreamParserState.h; sourceTree = "<group>"; };
		0543651A173A506400A2D82F /* SBJsonStreamParserState.m */ = {isa = PBXFileReference; fileEncoding = 4; lastKnownFileType = sourcecode.c.objc; path = SBJsonStreamParserState.m; sourceTree = "<group>"; };
		0543651B173A506400A2D82F /* SBJsonStreamWriter.h */ = {isa = PBXFileReference; fileEncoding = 4; lastKnownFileType = sourcecode.c.h; path = SBJsonStreamWriter.h; sourceTree = "<group>"; };
		0543651C173A506400A2D82F /* SBJsonStreamWriter.m */ = {isa = PBXFileReference; fileEncoding = 4; lastKnownFileType = sourcecode.c.objc; path = SBJsonStreamWriter.m; sourceTree = "<group>"; };
		0543651D173A506400A2D82F /* SBJsonStreamWriterAccumulator.h */ = {isa = PBXFileReference; fileEncoding = 4; lastKnownFileType = sourcecode.c.h; path = SBJsonStreamWriterAccumulator.h; sourceTree = "<group>"; };
		0543651E173A506400A2D82F /* SBJsonStreamWriterAccumulator.m */ = {isa = PBXFileReference; fileEncoding = 4; lastKnownFileType = sourcecode.c.objc; path = SBJsonStreamWriterAccumulator.m; sourceTree = "<group>"; };
		0543651F173A506400A2D82F /* SBJsonStreamWriterState.h */ = {isa = PBXFileReference; fileEncoding = 4; lastKnownFileType = sourcecode.c.h; path = SBJsonStreamWriterState.h; sourceTree = "<group>"; };
		05436520173A506400A2D82F /* SBJsonStreamWriterState.m */ = {isa = PBXFileReference; fileEncoding = 4; lastKnownFileType = sourcecode.c.objc; path = SBJsonStreamWriterState.m; sourceTree = "<group>"; };
		05436521173A506400A2D82F /* SBJsonTokeniser.h */ = {isa = PBXFileReference; fileEncoding = 4; lastKnownFileType = sourcecode.c.h; path = SBJsonTokeniser.h; sourceTree = "<group>"; };
		05436522173A506400A2D82F /* SBJsonTokeniser.m */ = {isa = PBXFileReference; fileEncoding = 4; lastKnownFileType = sourcecode.c.objc; path = SBJsonTokeniser.m; sourceTree = "<group>"; };
		05436523173A506400A2D82F /* SBJsonUTF8Stream.h */ = {isa = PBXFileReference; fileEncoding = 4; lastKnownFileType = sourcecode.c.h; path = SBJsonUTF8Stream.h; sourceTree = "<group>"; };
		05436524173A506400A2D82F /* SBJsonUTF8Stream.m */ = {isa = PBXFileReference; fileEncoding = 4; lastKnownFileType = sourcecode.c.objc; path = SBJsonUTF8Stream.m; sourceTree = "<group>"; };
		05436525173A506400A2D82F /* SBJsonWriter.h */ = {isa = PBXFileReference; fileEncoding = 4; lastKnownFileType = sourcecode.c.h; path = SBJsonWriter.h; sourceTree = "<group>"; };
		05436526173A506400A2D82F /* SBJsonWriter.m */ = {isa = PBXFileReference; fileEncoding = 4; lastKnownFileType = sourcecode.c.objc; path = SBJsonWriter.m; sourceTree = "<group>"; };
		054CCFF817538E0E00221813 /* icon_friend@2x.png */ = {isa = PBXFileReference; lastKnownFileType = image.png; path = "icon_friend@2x.png"; sourceTree = "<group>"; };
		054CCFF917538E0E00221813 /* icon_info@2x.png */ = {isa = PBXFileReference; lastKnownFileType = image.png; path = "icon_info@2x.png"; sourceTree = "<group>"; };
		054CCFFA17538E0E00221813 /* icon_logout@2x.png */ = {isa = PBXFileReference; lastKnownFileType = image.png; path = "icon_logout@2x.png"; sourceTree = "<group>"; };
		054CCFFB17538E0E00221813 /* icon_user@2x.png */ = {isa = PBXFileReference; lastKnownFileType = image.png; path = "icon_user@2x.png"; sourceTree = "<group>"; };
		054CD000175493BA00221813 /* InformationViewController.h */ = {isa = PBXFileReference; fileEncoding = 4; lastKnownFileType = sourcecode.c.h; name = InformationViewController.h; path = ../../InformationViewController.h; sourceTree = "<group>"; };
		054CD001175493BA00221813 /* InformationViewController.m */ = {isa = PBXFileReference; fileEncoding = 4; lastKnownFileType = sourcecode.c.objc; name = InformationViewController.m; path = ../../InformationViewController.m; sourceTree = "<group>"; };
		054CD0031754957C00221813 /* LicenceViewController.h */ = {isa = PBXFileReference; fileEncoding = 4; lastKnownFileType = sourcecode.c.h; name = LicenceViewController.h; path = ../../LicenceViewController.h; sourceTree = "<group>"; };
		054CD0041754957C00221813 /* LicenceViewController.m */ = {isa = PBXFileReference; fileEncoding = 4; lastKnownFileType = sourcecode.c.objc; name = LicenceViewController.m; path = ../../LicenceViewController.m; sourceTree = "<group>"; };
		0551BCD11753029B00DD4388 /* setting@2x.png */ = {isa = PBXFileReference; lastKnownFileType = image.png; path = "setting@2x.png"; sourceTree = "<group>"; };
		0551BCD3175302BC00DD4388 /* setting_view@2x.png */ = {isa = PBXFileReference; lastKnownFileType = image.png; path = "setting_view@2x.png"; sourceTree = "<group>"; };
		0551BCD5175303E100DD4388 /* delete_bt@2x.png */ = {isa = PBXFileReference; lastKnownFileType = image.png; path = "delete_bt@2x.png"; sourceTree = "<group>"; };
		0551BCDB17531DD900DD4388 /* off_image@2x.png */ = {isa = PBXFileReference; lastKnownFileType = image.png; path = "off_image@2x.png"; sourceTree = "<group>"; };
		0551BCDC17531DD900DD4388 /* on_image@2x.png */ = {isa = PBXFileReference; lastKnownFileType = image.png; path = "on_image@2x.png"; sourceTree = "<group>"; };
		055CFAD3174257F600145C10 /* FMCommentNetworkOperation.h */ = {isa = PBXFileReference; fileEncoding = 4; lastKnownFileType = sourcecode.c.h; name = FMCommentNetworkOperation.h; path = ../Model/FMCommentNetworkOperation.h; sourceTree = "<group>"; };
		055CFAD4174257F600145C10 /* FMCommentNetworkOperation.m */ = {isa = PBXFileReference; fileEncoding = 4; lastKnownFileType = sourcecode.c.objc; name = FMCommentNetworkOperation.m; path = ../Model/FMCommentNetworkOperation.m; sourceTree = "<group>"; };
		056E42D8173E367F00534D8B /* FMComment.m */ = {isa = PBXFileReference; fileEncoding = 4; lastKnownFileType = sourcecode.c.objc; path = FMComment.m; sourceTree = "<group>"; };
		056E42D9173E367F00534D8B /* FMComment.h */ = {isa = PBXFileReference; fileEncoding = 4; lastKnownFileType = sourcecode.c.h; path = FMComment.h; sourceTree = "<group>"; };
		056E42DA173E367F00534D8B /* FMCommentManager.m */ = {isa = PBXFileReference; fileEncoding = 4; lastKnownFileType = sourcecode.c.objc; path = FMCommentManager.m; sourceTree = "<group>"; };
		056E42DB173E367F00534D8B /* FMClient.m */ = {isa = PBXFileReference; fileEncoding = 4; lastKnownFileType = sourcecode.c.objc; path = FMClient.m; sourceTree = "<group>"; };
		056E42DC173E367F00534D8B /* FMClient.h */ = {isa = PBXFileReference; fileEncoding = 4; lastKnownFileType = sourcecode.c.h; path = FMClient.h; sourceTree = "<group>"; };
		056E42DD173E367F00534D8B /* FMCommentManager.h */ = {isa = PBXFileReference; fileEncoding = 4; lastKnownFileType = sourcecode.c.h; path = FMCommentManager.h; sourceTree = "<group>"; };
		056E42E1173E36A600534D8B /* FMFriend.h */ = {isa = PBXFileReference; fileEncoding = 4; lastKnownFileType = sourcecode.c.h; path = FMFriend.h; sourceTree = "<group>"; };
		056E42E2173E36A600534D8B /* FMFriend.m */ = {isa = PBXFileReference; fileEncoding = 4; lastKnownFileType = sourcecode.c.objc; path = FMFriend.m; sourceTree = "<group>"; };
		056E42E3173E36A600534D8B /* FMFriendManager.h */ = {isa = PBXFileReference; fileEncoding = 4; lastKnownFileType = sourcecode.c.h; path = FMFriendManager.h; sourceTree = "<group>"; };
		056E42E4173E36A600534D8B /* FMFriendManager.m */ = {isa = PBXFileReference; fileEncoding = 4; lastKnownFileType = sourcecode.c.objc; path = FMFriendManager.m; sourceTree = "<group>"; };
		056E42E7173E36CB00534D8B /* FMUser.h */ = {isa = PBXFileReference; fileEncoding = 4; lastKnownFileType = sourcecode.c.h; path = FMUser.h; sourceTree = "<group>"; };
		056E42E8173E36CB00534D8B /* FMUser.m */ = {isa = PBXFileReference; fileEncoding = 4; lastKnownFileType = sourcecode.c.objc; path = FMUser.m; sourceTree = "<group>"; };
		056E42EA173E371700534D8B /* MyTextField.h */ = {isa = PBXFileReference; fileEncoding = 4; lastKnownFileType = sourcecode.c.h; path = MyTextField.h; sourceTree = "<group>"; };
		056E42EB173E371700534D8B /* MyTextField.m */ = {isa = PBXFileReference; fileEncoding = 4; lastKnownFileType = sourcecode.c.objc; path = MyTextField.m; sourceTree = "<group>"; };
		056E432417411F0D00534D8B /* FMConnector.h */ = {isa = PBXFileReference; fileEncoding = 4; lastKnownFileType = sourcecode.c.h; path = FMConnector.h; sourceTree = "<group>"; };
		056E432517411F0D00534D8B /* FMConnector.m */ = {isa = PBXFileReference; fileEncoding = 4; lastKnownFileType = sourcecode.c.objc; path = FMConnector.m; sourceTree = "<group>"; };
		056E4327174125F900534D8B /* FMJsonParseOperation.h */ = {isa = PBXFileReference; fileEncoding = 4; lastKnownFileType = sourcecode.c.h; path = FMJsonParseOperation.h; sourceTree = "<group>"; };
		056E4328174125F900534D8B /* FMJsonParseOperation.m */ = {isa = PBXFileReference; fileEncoding = 4; lastKnownFileType = sourcecode.c.objc; path = FMJsonParseOperation.m; sourceTree = "<group>"; };
		0595577C174F4D45005A84F8 /* tab_brar@2x.png */ = {isa = PBXFileReference; lastKnownFileType = image.png; path = "tab_brar@2x.png"; sourceTree = "<group>"; };
		0595577E174F53F0005A84F8 /* addbutton@2x.png */ = {isa = PBXFileReference; lastKnownFileType = image.png; path = "addbutton@2x.png"; sourceTree = "<group>"; };
		05955783174F6C56005A84F8 /* FMSwipeGestureRecognizer.h */ = {isa = PBXFileReference; fileEncoding = 4; lastKnownFileType = sourcecode.c.h; name = FMSwipeGestureRecognizer.h; path = ../../FMSwipeGestureRecognizer.h; sourceTree = "<group>"; };
		05955784174F6C56005A84F8 /* FMSwipeGestureRecognizer.m */ = {isa = PBXFileReference; fileEncoding = 4; lastKnownFileType = sourcecode.c.objc; name = FMSwipeGestureRecognizer.m; path = ../../FMSwipeGestureRecognizer.m; sourceTree = "<group>"; };
		059557891752F76C005A84F8 /* CommentSettingView.xib */ = {isa = PBXFileReference; fileEncoding = 4; lastKnownFileType = file.xib; path = CommentSettingView.xib; sourceTree = "<group>"; };
		0595578B1752F931005A84F8 /* CommentSettingView.h */ = {isa = PBXFileReference; fileEncoding = 4; lastKnownFileType = sourcecode.c.h; path = CommentSettingView.h; sourceTree = "<group>"; };
		0595578C1752F931005A84F8 /* CommentSettingView.m */ = {isa = PBXFileReference; fileEncoding = 4; lastKnownFileType = sourcecode.c.objc; path = CommentSettingView.m; sourceTree = "<group>"; };
		0596ABEC174744280020144B /* FMSwitch.h */ = {isa = PBXFileReference; fileEncoding = 4; lastKnownFileType = sourcecode.c.h; path = FMSwitch.h; sourceTree = "<group>"; };
		0596ABED174744280020144B /* FMSwitch.m */ = {isa = PBXFileReference; fileEncoding = 4; lastKnownFileType = sourcecode.c.objc; path = FMSwitch.m; sourceTree = "<group>"; };
		0596ABEF17477CC00020144B /* LeftViewController.h */ = {isa = PBXFileReference; fileEncoding = 4; lastKnownFileType = sourcecode.c.h; name = LeftViewController.h; path = ../../LeftViewController.h; sourceTree = "<group>"; };
		0596ABF017477CC10020144B /* LeftViewController.m */ = {isa = PBXFileReference; fileEncoding = 4; lastKnownFileType = sourcecode.c.objc; name = LeftViewController.m; path = ../../LeftViewController.m; sourceTree = "<group>"; };
		0596ABF21747848D0020144B /* FMControllerManager.h */ = {isa = PBXFileReference; fileEncoding = 4; lastKnownFileType = sourcecode.c.h; name = FMControllerManager.h; path = ../../FMControllerManager.h; sourceTree = "<group>"; };
		0596ABF31747848D0020144B /* FMControllerManager.m */ = {isa = PBXFileReference; fileEncoding = 4; lastKnownFileType = sourcecode.c.objc; name = FMControllerManager.m; path = ../../FMControllerManager.m; sourceTree = "<group>"; };
		0596ABF5174794340020144B /* UserViewController.h */ = {isa = PBXFileReference; fileEncoding = 4; lastKnownFileType = sourcecode.c.h; name = UserViewController.h; path = ../../UserViewController.h; sourceTree = "<group>"; };
		0596ABF6174794340020144B /* UserViewController.m */ = {isa = PBXFileReference; fileEncoding = 4; lastKnownFileType = sourcecode.c.objc; name = UserViewController.m; path = ../../UserViewController.m; sourceTree = "<group>"; };
		059B4DDE1758B46B002B7972 /* back@2x.png */ = {isa = PBXFileReference; lastKnownFileType = image.png; path = "back@2x.png"; sourceTree = "<group>"; };
		059B4DE21758B97A002B7972 /* received_top@2x.png */ = {isa = PBXFileReference; lastKnownFileType = image.png; path = "received_top@2x.png"; sourceTree = "<group>"; };
		059B4DE31758B97A002B7972 /* received@2x.png */ = {isa = PBXFileReference; lastKnownFileType = image.png; path = "received@2x.png"; sourceTree = "<group>"; };
		059B4DE61758C252002B7972 /* bt_pushed@2x.png */ = {isa = PBXFileReference; lastKnownFileType = image.png; path = "bt_pushed@2x.png"; sourceTree = "<group>"; };
		059B4DE81758D4D6002B7972 /* CoreData.framework */ = {isa = PBXFileReference; lastKnownFileType = wrapper.framework; name = CoreData.framework; path = System/Library/Frameworks/CoreData.framework; sourceTree = SDKROOT; };
		059B4DEA1758D4DC002B7972 /* SystemConfiguration.framework */ = {isa = PBXFileReference; lastKnownFileType = wrapper.framework; name = SystemConfiguration.framework; path = System/Library/Frameworks/SystemConfiguration.framework; sourceTree = SDKROOT; };
		059B4DED1758D50C002B7972 /* GAI.h */ = {isa = PBXFileReference; fileEncoding = 4; lastKnownFileType = sourcecode.c.h; path = GAI.h; sourceTree = "<group>"; };
		059B4DEE1758D50C002B7972 /* GAITrackedViewController.h */ = {isa = PBXFileReference; fileEncoding = 4; lastKnownFileType = sourcecode.c.h; path = GAITrackedViewController.h; sourceTree = "<group>"; };
		059B4DEF1758D50C002B7972 /* GAITracker.h */ = {isa = PBXFileReference; fileEncoding = 4; lastKnownFileType = sourcecode.c.h; path = GAITracker.h; sourceTree = "<group>"; };
		059B4DF01758D50C002B7972 /* GAITransaction.h */ = {isa = PBXFileReference; fileEncoding = 4; lastKnownFileType = sourcecode.c.h; path = GAITransaction.h; sourceTree = "<group>"; };
		059B4DF11758D50C002B7972 /* GAITransactionItem.h */ = {isa = PBXFileReference; fileEncoding = 4; lastKnownFileType = sourcecode.c.h; path = GAITransactionItem.h; sourceTree = "<group>"; };
		059B4DF21758D50C002B7972 /* libGoogleAnalytics.a */ = {isa = PBXFileReference; lastKnownFileType = archive.ar; path = libGoogleAnalytics.a; sourceTree = "<group>"; };
		059B4DF517599B09002B7972 /* libGoogleAnalytics_debug.a */ = {isa = PBXFileReference; lastKnownFileType = archive.ar; path = libGoogleAnalytics_debug.a; sourceTree = "<group>"; };
		059B4DF817599C70002B7972 /* libsqlite3.0.dylib */ = {isa = PBXFileReference; lastKnownFileType = "compiled.mach-o.dylib"; name = libsqlite3.0.dylib; path = usr/lib/libsqlite3.0.dylib; sourceTree = SDKROOT; };
		059B4DFB17599CAD002B7972 /* MessageUI.framework */ = {isa = PBXFileReference; lastKnownFileType = wrapper.framework; name = MessageUI.framework; path = System/Library/Frameworks/MessageUI.framework; sourceTree = SDKROOT; };
		059B4DFF17599E15002B7972 /* CFNetwork.framework */ = {isa = PBXFileReference; lastKnownFileType = wrapper.framework; name = CFNetwork.framework; path = System/Library/Frameworks/CFNetwork.framework; sourceTree = SDKROOT; };
		059B4E041759B060002B7972 /* Crittercism.h */ = {isa = PBXFileReference; fileEncoding = 4; lastKnownFileType = sourcecode.c.h; path = Crittercism.h; sourceTree = "<group>"; };
		059B4E051759B060002B7972 /* CrittercismDelegate.h */ = {isa = PBXFileReference; fileEncoding = 4; lastKnownFileType = sourcecode.c.h; path = CrittercismDelegate.h; sourceTree = "<group>"; };
		059B4E061759B060002B7972 /* libCrittercism_v3_5_3.a */ = {isa = PBXFileReference; lastKnownFileType = archive.ar; path = libCrittercism_v3_5_3.a; sourceTree = "<group>"; };
		05AA7CE5174A25100034B054 /* FaceMemoUnitTests.octest */ = {isa = PBXFileReference; explicitFileType = wrapper.cfbundle; includeInIndex = 0; path = FaceMemoUnitTests.octest; sourceTree = BUILT_PRODUCTS_DIR; };
		05AA7CEC174A25100034B054 /* FaceMemoUnitTests-Info.plist */ = {isa = PBXFileReference; lastKnownFileType = text.plist.xml; path = "FaceMemoUnitTests-Info.plist"; sourceTree = "<group>"; };
		05AA7CEE174A25100034B054 /* en */ = {isa = PBXFileReference; lastKnownFileType = text.plist.strings; name = en; path = en.lproj/InfoPlist.strings; sourceTree = "<group>"; };
		05AA7CF0174A25100034B054 /* FaceMemoUnitTests.h */ = {isa = PBXFileReference; lastKnownFileType = sourcecode.c.h; path = FaceMemoUnitTests.h; sourceTree = "<group>"; };
		05AA7CF1174A25100034B054 /* FaceMemoUnitTests.m */ = {isa = PBXFileReference; lastKnownFileType = sourcecode.c.objc; path = FaceMemoUnitTests.m; sourceTree = "<group>"; };
		05AA7CF3174A25100034B054 /* FaceMemoUnitTests-Prefix.pch */ = {isa = PBXFileReference; lastKnownFileType = sourcecode.c.h; path = "FaceMemoUnitTests-Prefix.pch"; sourceTree = "<group>"; };
		05AA7CF7174A25330034B054 /* SenTestingKit.framework */ = {isa = PBXFileReference; lastKnownFileType = wrapper.framework; name = SenTestingKit.framework; path = Library/Frameworks/SenTestingKit.framework; sourceTree = DEVELOPER_DIR; };
		05C2609A174CFE620047C63E /* comment@2x.png */ = {isa = PBXFileReference; lastKnownFileType = image.png; path = "comment@2x.png"; sourceTree = "<group>"; };
		05CF527C174A49CC0006B9CC /* MBProgressHUD.h */ = {isa = PBXFileReference; fileEncoding = 4; lastKnownFileType = sourcecode.c.h; path = MBProgressHUD.h; sourceTree = "<group>"; };
		05CF527D174A49CC0006B9CC /* MBProgressHUD.m */ = {isa = PBXFileReference; fileEncoding = 4; lastKnownFileType = sourcecode.c.objc; path = MBProgressHUD.m; sourceTree = "<group>"; };
		05CF5280174A64380006B9CC /* 37x-Checkmark.png */ = {isa = PBXFileReference; lastKnownFileType = image.png; path = "37x-Checkmark.png"; sourceTree = "<group>"; };
		05CF5281174A64380006B9CC /* 37x-Checkmark@2x.png */ = {isa = PBXFileReference; lastKnownFileType = image.png; path = "37x-Checkmark@2x.png"; sourceTree = "<group>"; };
		05D4714D172C2D8800556FDC /* FaceMemo.app */ = {isa = PBXFileReference; explicitFileType = wrapper.application; includeInIndex = 0; path = FaceMemo.app; sourceTree = BUILT_PRODUCTS_DIR; };
		05D47150172C2D8800556FDC /* UIKit.framework */ = {isa = PBXFileReference; lastKnownFileType = wrapper.framework; name = UIKit.framework; path = System/Library/Frameworks/UIKit.framework; sourceTree = SDKROOT; };
		05D47152172C2D8800556FDC /* Foundation.framework */ = {isa = PBXFileReference; lastKnownFileType = wrapper.framework; name = Foundation.framework; path = System/Library/Frameworks/Foundation.framework; sourceTree = SDKROOT; };
		05D47154172C2D8800556FDC /* CoreGraphics.framework */ = {isa = PBXFileReference; lastKnownFileType = wrapper.framework; name = CoreGraphics.framework; path = System/Library/Frameworks/CoreGraphics.framework; sourceTree = SDKROOT; };
		05D47158172C2D8800556FDC /* FaceMemo-Info.plist */ = {isa = PBXFileReference; lastKnownFileType = text.plist.xml; path = "FaceMemo-Info.plist"; sourceTree = "<group>"; };
		05D4715A172C2D8800556FDC /* en */ = {isa = PBXFileReference; lastKnownFileType = text.plist.strings; name = en; path = en.lproj/InfoPlist.strings; sourceTree = "<group>"; };
		05D4715C172C2D8800556FDC /* main.m */ = {isa = PBXFileReference; lastKnownFileType = sourcecode.c.objc; path = main.m; sourceTree = "<group>"; };
		05D4715E172C2D8800556FDC /* FaceMemo-Prefix.pch */ = {isa = PBXFileReference; lastKnownFileType = sourcecode.c.h; path = "FaceMemo-Prefix.pch"; sourceTree = "<group>"; };
		05D4715F172C2D8800556FDC /* AppDelegate.h */ = {isa = PBXFileReference; lastKnownFileType = sourcecode.c.h; name = AppDelegate.h; path = ../AppDelegate.h; sourceTree = "<group>"; };
		05D47160172C2D8800556FDC /* AppDelegate.m */ = {isa = PBXFileReference; lastKnownFileType = sourcecode.c.objc; name = AppDelegate.m; path = ../AppDelegate.m; sourceTree = "<group>"; };
		05D47162172C2D8800556FDC /* Default.png */ = {isa = PBXFileReference; lastKnownFileType = image.png; path = Default.png; sourceTree = "<group>"; };
		05D47164172C2D8800556FDC /* Default@2x.png */ = {isa = PBXFileReference; lastKnownFileType = image.png; path = "Default@2x.png"; sourceTree = "<group>"; };
		05D47166172C2D8800556FDC /* Default-568h@2x.png */ = {isa = PBXFileReference; lastKnownFileType = image.png; path = "Default-568h@2x.png"; sourceTree = "<group>"; };
		05D47169172C2D8900556FDC /* en */ = {isa = PBXFileReference; lastKnownFileType = file.storyboard; name = en; path = en.lproj/MainStoryboard.storyboard; sourceTree = "<group>"; };
		05FB4BB2172CCB6E006AEF79 /* IIViewDeckController.h */ = {isa = PBXFileReference; fileEncoding = 4; lastKnownFileType = sourcecode.c.h; name = IIViewDeckController.h; path = ../IIViewDeckController.h; sourceTree = "<group>"; };
		05FB4BB3172CCB6E006AEF79 /* IIViewDeckController.m */ = {isa = PBXFileReference; fileEncoding = 4; lastKnownFileType = sourcecode.c.objc; name = IIViewDeckController.m; path = ../IIViewDeckController.m; sourceTree = "<group>"; };
		05FB4BB5172CCB81006AEF79 /* QuartzCore.framework */ = {isa = PBXFileReference; lastKnownFileType = wrapper.framework; name = QuartzCore.framework; path = System/Library/Frameworks/QuartzCore.framework; sourceTree = SDKROOT; };
		05FB4BB8172CCBF5006AEF79 /* FriendsViewController.h */ = {isa = PBXFileReference; fileEncoding = 4; lastKnownFileType = sourcecode.c.h; name = FriendsViewController.h; path = ../../FriendsViewController.h; sourceTree = "<group>"; };
		05FB4BB9172CCBF5006AEF79 /* FriendsViewController.m */ = {isa = PBXFileReference; fileEncoding = 4; lastKnownFileType = sourcecode.c.objc; name = FriendsViewController.m; path = ../../FriendsViewController.m; sourceTree = "<group>"; };
		05FB4BBB172CCC4D006AEF79 /* DetailViewController.h */ = {isa = PBXFileReference; fileEncoding = 4; lastKnownFileType = sourcecode.c.h; name = DetailViewController.h; path = ../DetailViewController.h; sourceTree = "<group>"; };
		05FB4BBC172CCC4D006AEF79 /* DetailViewController.m */ = {isa = PBXFileReference; fileEncoding = 4; lastKnownFileType = sourcecode.c.objc; name = DetailViewController.m; path = ../DetailViewController.m; sourceTree = "<group>"; };
		05FB4BC1172CD08E006AEF79 /* IIWrapController.h */ = {isa = PBXFileReference; fileEncoding = 4; lastKnownFileType = sourcecode.c.h; name = IIWrapController.h; path = ../IIWrapController.h; sourceTree = "<group>"; };
		05FB4BC2172CD08E006AEF79 /* IIWrapController.m */ = {isa = PBXFileReference; fileEncoding = 4; lastKnownFileType = sourcecode.c.objc; name = IIWrapController.m; path = ../IIWrapController.m; sourceTree = "<group>"; };
		05FB4BC4172CE6B9006AEF79 /* BaseViewController.h */ = {isa = PBXFileReference; fileEncoding = 4; lastKnownFileType = sourcecode.c.h; name = BaseViewController.h; path = ../BaseViewController.h; sourceTree = "<group>"; };
		05FB4BC5172CE6B9006AEF79 /* BaseViewController.m */ = {isa = PBXFileReference; fileEncoding = 4; lastKnownFileType = sourcecode.c.objc; name = BaseViewController.m; path = ../BaseViewController.m; sourceTree = "<group>"; };
		05FB4BC7172CEB6F006AEF79 /* Social.framework */ = {isa = PBXFileReference; lastKnownFileType = wrapper.framework; name = Social.framework; path = System/Library/Frameworks/Social.framework; sourceTree = SDKROOT; };
		05FB4BCA172CEBD8006AEF79 /* Accounts.framework */ = {isa = PBXFileReference; lastKnownFileType = wrapper.framework; name = Accounts.framework; path = System/Library/Frameworks/Accounts.framework; sourceTree = SDKROOT; };
		05FB4BD6172CFCD6006AEF79 /* FacebookSDK.framework */ = {isa = PBXFileReference; lastKnownFileType = wrapper.framework; path = FacebookSDK.framework; sourceTree = "<group>"; };
		05FB4BD8172CFD14006AEF79 /* FacebookSDKResources.bundle */ = {isa = PBXFileReference; lastKnownFileType = "wrapper.plug-in"; path = FacebookSDKResources.bundle; sourceTree = "<group>"; };
		05FB4BDA172CFD91006AEF79 /* AdSupport.framework */ = {isa = PBXFileReference; lastKnownFileType = wrapper.framework; name = AdSupport.framework; path = System/Library/Frameworks/AdSupport.framework; sourceTree = SDKROOT; };
		05FB4BDB172CFD91006AEF79 /* Security.framework */ = {isa = PBXFileReference; lastKnownFileType = wrapper.framework; name = Security.framework; path = System/Library/Frameworks/Security.framework; sourceTree = SDKROOT; };
		05FB4BDE172CFDD9006AEF79 /* libsqlite3.dylib */ = {isa = PBXFileReference; lastKnownFileType = "compiled.mach-o.dylib"; name = libsqlite3.dylib; path = usr/lib/libsqlite3.dylib; sourceTree = SDKROOT; };
		05FB4BE0172D1660006AEF79 /* LoginViewController.h */ = {isa = PBXFileReference; fileEncoding = 4; lastKnownFileType = sourcecode.c.h; name = LoginViewController.h; path = ../LoginViewController.h; sourceTree = "<group>"; };
		05FB4BE1172D1660006AEF79 /* LoginViewController.m */ = {isa = PBXFileReference; fileEncoding = 4; lastKnownFileType = sourcecode.c.objc; name = LoginViewController.m; path = ../LoginViewController.m; sourceTree = "<group>"; };
/* End PBXFileReference section */

/* Begin PBXFrameworksBuildPhase section */
		05AA7CE1174A25100034B054 /* Frameworks */ = {
			isa = PBXFrameworksBuildPhase;
			buildActionMask = 2147483647;
			files = (
				05AA7CF8174A25330034B054 /* SenTestingKit.framework in Frameworks */,
				05AA7CE8174A25100034B054 /* UIKit.framework in Frameworks */,
				05AA7CE9174A25100034B054 /* Foundation.framework in Frameworks */,
			);
			runOnlyForDeploymentPostprocessing = 0;
		};
		05D4714A172C2D8800556FDC /* Frameworks */ = {
			isa = PBXFrameworksBuildPhase;
			buildActionMask = 2147483647;
			files = (
				059B4E0217599F55002B7972 /* SystemConfiguration.framework in Frameworks */,
				05FB4BB7172CCB99006AEF79 /* QuartzCore.framework in Frameworks */,
				059B4E0117599F4A002B7972 /* CoreData.framework in Frameworks */,
				05FB4BDF172CFDD9006AEF79 /* libsqlite3.dylib in Frameworks */,
				05FB4BDC172CFD91006AEF79 /* AdSupport.framework in Frameworks */,
				05FB4BDD172CFD91006AEF79 /* Security.framework in Frameworks */,
				05FB4BCC172CEBDF006AEF79 /* Accounts.framework in Frameworks */,
				05FB4BC9172CEB7C006AEF79 /* Social.framework in Frameworks */,
				05D47151172C2D8800556FDC /* UIKit.framework in Frameworks */,
				05D47153172C2D8800556FDC /* Foundation.framework in Frameworks */,
				05D47155172C2D8800556FDC /* CoreGraphics.framework in Frameworks */,
				05FB4BD7172CFCD6006AEF79 /* FacebookSDK.framework in Frameworks */,
				059B4DF31758D50C002B7972 /* libGoogleAnalytics.a in Frameworks */,
				059B4DF617599B09002B7972 /* libGoogleAnalytics_debug.a in Frameworks */,
				059B4E071759B060002B7972 /* libCrittercism_v3_5_3.a in Frameworks */,
			);
			runOnlyForDeploymentPostprocessing = 0;
		};
/* End PBXFrameworksBuildPhase section */

/* Begin PBXGroup section */
		0543650D173A506400A2D82F /* JSON */ = {
			isa = PBXGroup;
			children = (
				0543650E173A506400A2D82F /* NSObject+SBJson.h */,
				0543650F173A506400A2D82F /* NSObject+SBJson.m */,
				05436510173A506400A2D82F /* SBJson.h */,
				05436511173A506400A2D82F /* SBJsonParser.h */,
				05436512173A506400A2D82F /* SBJsonParser.m */,
				05436513173A506400A2D82F /* SBJsonStreamParser.h */,
				05436514173A506400A2D82F /* SBJsonStreamParser.m */,
				05436515173A506400A2D82F /* SBJsonStreamParserAccumulator.h */,
				05436516173A506400A2D82F /* SBJsonStreamParserAccumulator.m */,
				05436517173A506400A2D82F /* SBJsonStreamParserAdapter.h */,
				05436518173A506400A2D82F /* SBJsonStreamParserAdapter.m */,
				05436519173A506400A2D82F /* SBJsonStreamParserState.h */,
				0543651A173A506400A2D82F /* SBJsonStreamParserState.m */,
				0543651B173A506400A2D82F /* SBJsonStreamWriter.h */,
				0543651C173A506400A2D82F /* SBJsonStreamWriter.m */,
				0543651D173A506400A2D82F /* SBJsonStreamWriterAccumulator.h */,
				0543651E173A506400A2D82F /* SBJsonStreamWriterAccumulator.m */,
				0543651F173A506400A2D82F /* SBJsonStreamWriterState.h */,
				05436520173A506400A2D82F /* SBJsonStreamWriterState.m */,
				05436521173A506400A2D82F /* SBJsonTokeniser.h */,
				05436522173A506400A2D82F /* SBJsonTokeniser.m */,
				05436523173A506400A2D82F /* SBJsonUTF8Stream.h */,
				05436524173A506400A2D82F /* SBJsonUTF8Stream.m */,
				05436525173A506400A2D82F /* SBJsonWriter.h */,
				05436526173A506400A2D82F /* SBJsonWriter.m */,
			);
			path = JSON;
			sourceTree = "<group>";
		};
		056E42D5173E357E00534D8B /* Other */ = {
			isa = PBXGroup;
			children = (
				05955783174F6C56005A84F8 /* FMSwipeGestureRecognizer.h */,
				05955784174F6C56005A84F8 /* FMSwipeGestureRecognizer.m */,
				050CA838174E1ACB00EC61B4 /* FMTextView.h */,
				050CA839174E1ACB00EC61B4 /* FMTextView.m */,
				0596ABEC174744280020144B /* FMSwitch.h */,
				0596ABED174744280020144B /* FMSwitch.m */,
				053FE4E817450A41003BAAD7 /* FMButton.h */,
				053FE4E917450A41003BAAD7 /* FMButton.m */,
				056E42EA173E371700534D8B /* MyTextField.h */,
				056E42EB173E371700534D8B /* MyTextField.m */,
			);
			path = Other;
			sourceTree = "<group>";
		};
		056E42D6173E35A300534D8B /* Model */ = {
			isa = PBXGroup;
			children = (
				052A3DAF1754BE500064B176 /* FMFeedback.h */,
				052A3DB01754BE500064B176 /* FMFeedback.m */,
				056E42E7173E36CB00534D8B /* FMUser.h */,
				056E42E8173E36CB00534D8B /* FMUser.m */,
				056E42E1173E36A600534D8B /* FMFriend.h */,
				056E42E2173E36A600534D8B /* FMFriend.m */,
				056E42E3173E36A600534D8B /* FMFriendManager.h */,
				056E42E4173E36A600534D8B /* FMFriendManager.m */,
				056E42D8173E367F00534D8B /* FMComment.m */,
				056E42D9173E367F00534D8B /* FMComment.h */,
				056E42DA173E367F00534D8B /* FMCommentManager.m */,
				056E42DB173E367F00534D8B /* FMClient.m */,
				056E42DC173E367F00534D8B /* FMClient.h */,
				056E42DD173E367F00534D8B /* FMCommentManager.h */,
			);
			path = Model;
			sourceTree = "<group>";
		};
		056E42D7173E35F000534D8B /* Controller */ = {
			isa = PBXGroup;
			children = (
				052A3DAC1754A25C0064B176 /* FeedbackViewController.h */,
				052A3DAD1754A25C0064B176 /* FeedbackViewController.m */,
				054CD0031754957C00221813 /* LicenceViewController.h */,
				054CD0041754957C00221813 /* LicenceViewController.m */,
				054CD000175493BA00221813 /* InformationViewController.h */,
				054CD001175493BA00221813 /* InformationViewController.m */,
				0596ABF6174794340020144B /* UserViewController.m */,
				0596ABF21747848D0020144B /* FMControllerManager.h */,
				0596ABF31747848D0020144B /* FMControllerManager.m */,
				0596ABF5174794340020144B /* UserViewController.h */,
				0596ABEF17477CC00020144B /* LeftViewController.h */,
				0596ABF017477CC10020144B /* LeftViewController.m */,
				05D4715F172C2D8800556FDC /* AppDelegate.h */,
				05D47160172C2D8800556FDC /* AppDelegate.m */,
				05FB4BE0172D1660006AEF79 /* LoginViewController.h */,
				05FB4BE1172D1660006AEF79 /* LoginViewController.m */,
				05FB4BC4172CE6B9006AEF79 /* BaseViewController.h */,
				05FB4BC5172CE6B9006AEF79 /* BaseViewController.m */,
				05FB4BB2172CCB6E006AEF79 /* IIViewDeckController.h */,
				05FB4BB3172CCB6E006AEF79 /* IIViewDeckController.m */,
				05FB4BC1172CD08E006AEF79 /* IIWrapController.h */,
				05FB4BC2172CD08E006AEF79 /* IIWrapController.m */,
				05FB4BB8172CCBF5006AEF79 /* FriendsViewController.h */,
				05FB4BB9172CCBF5006AEF79 /* FriendsViewController.m */,
				05FB4BBB172CCC4D006AEF79 /* DetailViewController.h */,
				05FB4BBC172CCC4D006AEF79 /* DetailViewController.m */,
			);
			path = Controller;
			sourceTree = "<group>";
		};
		056E432317411E0000534D8B /* Network */ = {
			isa = PBXGroup;
			children = (
				052A3DB21754C0B50064B176 /* FMFeedbackNetworkOperation.h */,
				052A3DB31754C0B50064B176 /* FMFeedbackNetworkOperation.m */,
				055CFAD3174257F600145C10 /* FMCommentNetworkOperation.h */,
				055CFAD4174257F600145C10 /* FMCommentNetworkOperation.m */,
				056E432417411F0D00534D8B /* FMConnector.h */,
				056E432517411F0D00534D8B /* FMConnector.m */,
				056E4327174125F900534D8B /* FMJsonParseOperation.h */,
				056E4328174125F900534D8B /* FMJsonParseOperation.m */,
			);
			path = Network;
			sourceTree = "<group>";
		};
		059557881752F76C005A84F8 /* View */ = {
			isa = PBXGroup;
			children = (
				059557891752F76C005A84F8 /* CommentSettingView.xib */,
				0595578B1752F931005A84F8 /* CommentSettingView.h */,
				0595578C1752F931005A84F8 /* CommentSettingView.m */,
			);
			path = View;
			sourceTree = "<group>";
		};
		059B4DDB1758B15C002B7972 /* UserViewController */ = {
			isa = PBXGroup;
			children = (
				059B4DE21758B97A002B7972 /* received_top@2x.png */,
				059B4DE31758B97A002B7972 /* received@2x.png */,
				059B4DDE1758B46B002B7972 /* back@2x.png */,
			);
			path = UserViewController;
			sourceTree = "<group>";
		};
		059B4DEC1758D50C002B7972 /* GoogleAnalytics */ = {
			isa = PBXGroup;
			children = (
				059B4DED1758D50C002B7972 /* GAI.h */,
				059B4DEE1758D50C002B7972 /* GAITrackedViewController.h */,
				059B4DEF1758D50C002B7972 /* GAITracker.h */,
				059B4DF01758D50C002B7972 /* GAITransaction.h */,
				059B4DF517599B09002B7972 /* libGoogleAnalytics_debug.a */,
				059B4DF11758D50C002B7972 /* GAITransactionItem.h */,
				059B4DF21758D50C002B7972 /* libGoogleAnalytics.a */,
			);
			path = GoogleAnalytics;
			sourceTree = "<group>";
		};
		059B4E031759B05F002B7972 /* CrittercismSDK */ = {
			isa = PBXGroup;
			children = (
				059B4E041759B060002B7972 /* Crittercism.h */,
				059B4E051759B060002B7972 /* CrittercismDelegate.h */,
				059B4E061759B060002B7972 /* libCrittercism_v3_5_3.a */,
			);
			path = CrittercismSDK;
			sourceTree = "<group>";
		};
		05AA7CEA174A25100034B054 /* FaceMemoUnitTests */ = {
			isa = PBXGroup;
			children = (
				05AA7CF0174A25100034B054 /* FaceMemoUnitTests.h */,
				05AA7CF1174A25100034B054 /* FaceMemoUnitTests.m */,
				05AA7CEB174A25100034B054 /* Supporting Files */,
			);
			path = FaceMemoUnitTests;
			sourceTree = "<group>";
		};
		05AA7CEB174A25100034B054 /* Supporting Files */ = {
			isa = PBXGroup;
			children = (
				05AA7CEC174A25100034B054 /* FaceMemoUnitTests-Info.plist */,
				05AA7CED174A25100034B054 /* InfoPlist.strings */,
				05AA7CF3174A25100034B054 /* FaceMemoUnitTests-Prefix.pch */,
			);
			name = "Supporting Files";
			sourceTree = "<group>";
		};
		05C26094174CF9DE0047C63E /* FriendsViewController */ = {
			isa = PBXGroup;
			children = (
				052A3DB51754D6BB0064B176 /* login_bt@2x.png */,
				059B4DE61758C252002B7972 /* bt_pushed@2x.png */,
				054CCFF817538E0E00221813 /* icon_friend@2x.png */,
				054CCFF917538E0E00221813 /* icon_info@2x.png */,
				054CCFFA17538E0E00221813 /* icon_logout@2x.png */,
				054CCFFB17538E0E00221813 /* icon_user@2x.png */,
				050CE6AA174E4DB8002FB9BB /* menu@2x.png */,
				050CE6A8174E4CA7002FB9BB /* table@2x.png */,
				0595577C174F4D45005A84F8 /* tab_brar@2x.png */,
				050CE6A4174E4B26002FB9BB /* search@2x.png */,
			);
			path = FriendsViewController;
			sourceTree = "<group>";
		};
		05C26097174CFBE40047C63E /* DetailViewController */ = {
			isa = PBXGroup;
			children = (
				0595577E174F53F0005A84F8 /* addbutton@2x.png */,
				0551BCD11753029B00DD4388 /* setting@2x.png */,
				050CE696174E3CAF002FB9BB /* button@2x.png */,
				0551BCD5175303E100DD4388 /* delete_bt@2x.png */,
				05C2609A174CFE620047C63E /* comment@2x.png */,
				0551BCDB17531DD900DD4388 /* off_image@2x.png */,
				0551BCDC17531DD900DD4388 /* on_image@2x.png */,
				0551BCD3175302BC00DD4388 /* setting_view@2x.png */,
				050CE69C174E3F77002FB9BB /* back_bt@2x.png */,
				050CE69D174E3F77002FB9BB /* fin_bt@2x.png */,
				050CE690174E361F002FB9BB /* profile@2x.png */,
			);
			path = DetailViewController;
			sourceTree = "<group>";
		};
		05CF527B174A49CC0006B9CC /* MBProgressHUD */ = {
			isa = PBXGroup;
			children = (
				05CF527C174A49CC0006B9CC /* MBProgressHUD.h */,
				05CF527D174A49CC0006B9CC /* MBProgressHUD.m */,
			);
			path = MBProgressHUD;
			sourceTree = "<group>";
		};
		05CF527F174A64270006B9CC /* images */ = {
			isa = PBXGroup;
			children = (
				059B4DDB1758B15C002B7972 /* UserViewController */,
				05C26097174CFBE40047C63E /* DetailViewController */,
				05C26094174CF9DE0047C63E /* FriendsViewController */,
				05CF5280174A64380006B9CC /* 37x-Checkmark.png */,
				05CF5281174A64380006B9CC /* 37x-Checkmark@2x.png */,
			);
			path = images;
			sourceTree = "<group>";
		};
		05D47144172C2D8800556FDC = {
			isa = PBXGroup;
			children = (
				059B4E031759B05F002B7972 /* CrittercismSDK */,
				059B4DFF17599E15002B7972 /* CFNetwork.framework */,
				059B4DFB17599CAD002B7972 /* MessageUI.framework */,
				059B4DF817599C70002B7972 /* libsqlite3.0.dylib */,
				059B4DEC1758D50C002B7972 /* GoogleAnalytics */,
				059B4DEA1758D4DC002B7972 /* SystemConfiguration.framework */,
				059B4DE81758D4D6002B7972 /* CoreData.framework */,
				05CF527F174A64270006B9CC /* images */,
				05CF527B174A49CC0006B9CC /* MBProgressHUD */,
				05AA7CF7174A25330034B054 /* SenTestingKit.framework */,
				05D47156172C2D8800556FDC /* FaceMemo */,
				05AA7CEA174A25100034B054 /* FaceMemoUnitTests */,
				05D4714F172C2D8800556FDC /* Frameworks */,
				05D4714E172C2D8800556FDC /* Products */,
			);
			sourceTree = "<group>";
		};
		05D4714E172C2D8800556FDC /* Products */ = {
			isa = PBXGroup;
			children = (
				05D4714D172C2D8800556FDC /* FaceMemo.app */,
				05AA7CE5174A25100034B054 /* FaceMemoUnitTests.octest */,
			);
			name = Products;
			sourceTree = "<group>";
		};
		05D4714F172C2D8800556FDC /* Frameworks */ = {
			isa = PBXGroup;
			children = (
				05FB4BDE172CFDD9006AEF79 /* libsqlite3.dylib */,
				05FB4BDA172CFD91006AEF79 /* AdSupport.framework */,
				05FB4BDB172CFD91006AEF79 /* Security.framework */,
				05FB4BD8172CFD14006AEF79 /* FacebookSDKResources.bundle */,
				05FB4BD6172CFCD6006AEF79 /* FacebookSDK.framework */,
				05FB4BCA172CEBD8006AEF79 /* Accounts.framework */,
				05FB4BC7172CEB6F006AEF79 /* Social.framework */,
				05FB4BB5172CCB81006AEF79 /* QuartzCore.framework */,
				05D47150172C2D8800556FDC /* UIKit.framework */,
				05D47152172C2D8800556FDC /* Foundation.framework */,
				05D47154172C2D8800556FDC /* CoreGraphics.framework */,
			);
			name = Frameworks;
			sourceTree = "<group>";
		};
		05D47156172C2D8800556FDC /* FaceMemo */ = {
			isa = PBXGroup;
			children = (
				059557881752F76C005A84F8 /* View */,
				056E432317411E0000534D8B /* Network */,
				05D47168172C2D8800556FDC /* MainStoryboard.storyboard */,
				056E42D7173E35F000534D8B /* Controller */,
				056E42D6173E35A300534D8B /* Model */,
				056E42D5173E357E00534D8B /* Other */,
				0543650D173A506400A2D82F /* JSON */,
				05D47157172C2D8800556FDC /* Supporting Files */,
			);
			path = FaceMemo;
			sourceTree = "<group>";
		};
		05D47157172C2D8800556FDC /* Supporting Files */ = {
			isa = PBXGroup;
			children = (
				05D47158172C2D8800556FDC /* FaceMemo-Info.plist */,
				05D47159172C2D8800556FDC /* InfoPlist.strings */,
				05D4715C172C2D8800556FDC /* main.m */,
				05D4715E172C2D8800556FDC /* FaceMemo-Prefix.pch */,
				05D47162172C2D8800556FDC /* Default.png */,
				05D47164172C2D8800556FDC /* Default@2x.png */,
				05D47166172C2D8800556FDC /* Default-568h@2x.png */,
			);
			name = "Supporting Files";
			sourceTree = "<group>";
		};
/* End PBXGroup section */

/* Begin PBXNativeTarget section */
		05AA7CE4174A25100034B054 /* FaceMemoUnitTests */ = {
			isa = PBXNativeTarget;
			buildConfigurationList = 05AA7CF6174A25100034B054 /* Build configuration list for PBXNativeTarget "FaceMemoUnitTests" */;
			buildPhases = (
				05AA7CE0174A25100034B054 /* Sources */,
				05AA7CE1174A25100034B054 /* Frameworks */,
				05AA7CE2174A25100034B054 /* Resources */,
				05AA7CE3174A25100034B054 /* ShellScript */,
			);
			buildRules = (
			);
			dependencies = (
				05AA7CFA174A25560034B054 /* PBXTargetDependency */,
			);
			name = FaceMemoUnitTests;
			productName = FaceMemoUnitTests;
			productReference = 05AA7CE5174A25100034B054 /* FaceMemoUnitTests.octest */;
			productType = "com.apple.product-type.bundle";
		};
		05D4714C172C2D8800556FDC /* FaceMemo */ = {
			isa = PBXNativeTarget;
			buildConfigurationList = 05D47170172C2D8900556FDC /* Build configuration list for PBXNativeTarget "FaceMemo" */;
			buildPhases = (
				05D47149172C2D8800556FDC /* Sources */,
				05D4714A172C2D8800556FDC /* Frameworks */,
				05D4714B172C2D8800556FDC /* Resources */,
			);
			buildRules = (
			);
			dependencies = (
			);
			name = FaceMemo;
			productName = FaceMemo;
			productReference = 05D4714D172C2D8800556FDC /* FaceMemo.app */;
			productType = "com.apple.product-type.application";
		};
/* End PBXNativeTarget section */

/* Begin PBXProject section */
		05D47145172C2D8800556FDC /* Project object */ = {
			isa = PBXProject;
			attributes = {
				LastUpgradeCheck = 0460;
				ORGANIZATIONNAME = "Takeru Yoshihara";
			};
			buildConfigurationList = 05D47148172C2D8800556FDC /* Build configuration list for PBXProject "FaceMemo" */;
			compatibilityVersion = "Xcode 3.2";
			developmentRegion = English;
			hasScannedForEncodings = 0;
			knownRegions = (
				en,
			);
			mainGroup = 05D47144172C2D8800556FDC;
			productRefGroup = 05D4714E172C2D8800556FDC /* Products */;
			projectDirPath = "";
			projectRoot = "";
			targets = (
				05D4714C172C2D8800556FDC /* FaceMemo */,
				05AA7CE4174A25100034B054 /* FaceMemoUnitTests */,
			);
		};
/* End PBXProject section */

/* Begin PBXResourcesBuildPhase section */
		05AA7CE2174A25100034B054 /* Resources */ = {
			isa = PBXResourcesBuildPhase;
			buildActionMask = 2147483647;
			files = (
				05AA7CEF174A25100034B054 /* InfoPlist.strings in Resources */,
			);
			runOnlyForDeploymentPostprocessing = 0;
		};
		05D4714B172C2D8800556FDC /* Resources */ = {
			isa = PBXResourcesBuildPhase;
			buildActionMask = 2147483647;
			files = (
				05D4715B172C2D8800556FDC /* InfoPlist.strings in Resources */,
				05D47163172C2D8800556FDC /* Default.png in Resources */,
				05D47165172C2D8800556FDC /* Default@2x.png in Resources */,
				05D47167172C2D8800556FDC /* Default-568h@2x.png in Resources */,
				05D4716A172C2D8900556FDC /* MainStoryboard.storyboard in Resources */,
				05FB4BD9172CFD14006AEF79 /* FacebookSDKResources.bundle in Resources */,
				05CF5282174A64380006B9CC /* 37x-Checkmark.png in Resources */,
				05CF5283174A64380006B9CC /* 37x-Checkmark@2x.png in Resources */,
				05C2609B174CFE620047C63E /* comment@2x.png in Resources */,
				050CE691174E361F002FB9BB /* profile@2x.png in Resources */,
				050CE697174E3CAF002FB9BB /* button@2x.png in Resources */,
				050CE69E174E3F77002FB9BB /* back_bt@2x.png in Resources */,
				050CE69F174E3F77002FB9BB /* fin_bt@2x.png in Resources */,
				050CE6A5174E4B26002FB9BB /* search@2x.png in Resources */,
				050CE6A9174E4CA7002FB9BB /* table@2x.png in Resources */,
				050CE6AB174E4DB8002FB9BB /* menu@2x.png in Resources */,
				0595577D174F4D45005A84F8 /* tab_brar@2x.png in Resources */,
				0595577F174F53F0005A84F8 /* addbutton@2x.png in Resources */,
				0595578A1752F76C005A84F8 /* CommentSettingView.xib in Resources */,
				0551BCD21753029B00DD4388 /* setting@2x.png in Resources */,
				0551BCD4175302BC00DD4388 /* setting_view@2x.png in Resources */,
				0551BCD6175303E100DD4388 /* delete_bt@2x.png in Resources */,
				0551BCDD17531DD900DD4388 /* off_image@2x.png in Resources */,
				0551BCDE17531DD900DD4388 /* on_image@2x.png in Resources */,
				054CCFFC17538E0E00221813 /* icon_friend@2x.png in Resources */,
				054CCFFD17538E0E00221813 /* icon_info@2x.png in Resources */,
				054CCFFE17538E0E00221813 /* icon_logout@2x.png in Resources */,
				054CCFFF17538E0E00221813 /* icon_user@2x.png in Resources */,
				052A3DB61754D6BB0064B176 /* login_bt@2x.png in Resources */,
				059B4DE01758B46B002B7972 /* back@2x.png in Resources */,
				059B4DE41758B97A002B7972 /* received_top@2x.png in Resources */,
				059B4DE51758B97A002B7972 /* received@2x.png in Resources */,
				059B4DE71758C252002B7972 /* bt_pushed@2x.png in Resources */,
			);
			runOnlyForDeploymentPostprocessing = 0;
		};
/* End PBXResourcesBuildPhase section */

/* Begin PBXShellScriptBuildPhase section */
		05AA7CE3174A25100034B054 /* ShellScript */ = {
			isa = PBXShellScriptBuildPhase;
			buildActionMask = 2147483647;
			files = (
			);
			inputPaths = (
			);
			outputPaths = (
			);
			runOnlyForDeploymentPostprocessing = 0;
			shellPath = /bin/sh;
			shellScript = "# Run the unit tests in this test bundle.\n\"${SYSTEM_DEVELOPER_DIR}/Tools/RunUnitTests\"\n";
		};
/* End PBXShellScriptBuildPhase section */

/* Begin PBXSourcesBuildPhase section */
		05AA7CE0174A25100034B054 /* Sources */ = {
			isa = PBXSourcesBuildPhase;
			buildActionMask = 2147483647;
			files = (
				05AA7CF2174A25100034B054 /* FaceMemoUnitTests.m in Sources */,
			);
			runOnlyForDeploymentPostprocessing = 0;
		};
		05D47149172C2D8800556FDC /* Sources */ = {
			isa = PBXSourcesBuildPhase;
			buildActionMask = 2147483647;
			files = (
				05D4715D172C2D8800556FDC /* main.m in Sources */,
				05D47161172C2D8800556FDC /* AppDelegate.m in Sources */,
				05FB4BB4172CCB6E006AEF79 /* IIViewDeckController.m in Sources */,
				05FB4BBA172CCBF5006AEF79 /* FriendsViewController.m in Sources */,
				05FB4BBD172CCC4D006AEF79 /* DetailViewController.m in Sources */,
				05FB4BC3172CD08F006AEF79 /* IIWrapController.m in Sources */,
				05FB4BC6172CE6B9006AEF79 /* BaseViewController.m in Sources */,
				05FB4BE2172D1661006AEF79 /* LoginViewController.m in Sources */,
				05436527173A506400A2D82F /* NSObject+SBJson.m in Sources */,
				05436528173A506400A2D82F /* SBJsonParser.m in Sources */,
				05436529173A506400A2D82F /* SBJsonStreamParser.m in Sources */,
				0543652A173A506400A2D82F /* SBJsonStreamParserAccumulator.m in Sources */,
				0543652B173A506400A2D82F /* SBJsonStreamParserAdapter.m in Sources */,
				0543652C173A506400A2D82F /* SBJsonStreamParserState.m in Sources */,
				0543652D173A506400A2D82F /* SBJsonStreamWriter.m in Sources */,
				0543652E173A506400A2D82F /* SBJsonStreamWriterAccumulator.m in Sources */,
				0543652F173A506400A2D82F /* SBJsonStreamWriterState.m in Sources */,
				05436530173A506400A2D82F /* SBJsonTokeniser.m in Sources */,
				05436531173A506400A2D82F /* SBJsonUTF8Stream.m in Sources */,
				05436532173A506400A2D82F /* SBJsonWriter.m in Sources */,
				056E42DE173E367F00534D8B /* FMComment.m in Sources */,
				056E42DF173E367F00534D8B /* FMCommentManager.m in Sources */,
				056E42E0173E367F00534D8B /* FMClient.m in Sources */,
				056E42E5173E36A600534D8B /* FMFriend.m in Sources */,
				056E42E6173E36A600534D8B /* FMFriendManager.m in Sources */,
				056E42E9173E36CB00534D8B /* FMUser.m in Sources */,
				056E42EC173E371700534D8B /* MyTextField.m in Sources */,
				056E432617411F0D00534D8B /* FMConnector.m in Sources */,
				056E4329174125F900534D8B /* FMJsonParseOperation.m in Sources */,
				055CFAD5174257F600145C10 /* FMCommentNetworkOperation.m in Sources */,
				053FE4EA17450A41003BAAD7 /* FMButton.m in Sources */,
				0596ABEE174744280020144B /* FMSwitch.m in Sources */,
				0596ABF117477CC10020144B /* LeftViewController.m in Sources */,
				0596ABF41747848E0020144B /* FMControllerManager.m in Sources */,
				0596ABF7174794340020144B /* UserViewController.m in Sources */,
				05CF527E174A49CC0006B9CC /* MBProgressHUD.m in Sources */,
				050CA83A174E1ACB00EC61B4 /* FMTextView.m in Sources */,
				05955785174F6C56005A84F8 /* FMSwipeGestureRecognizer.m in Sources */,
				0595578D1752F931005A84F8 /* CommentSettingView.m in Sources */,
				054CD002175493BA00221813 /* InformationViewController.m in Sources */,
				054CD0051754957C00221813 /* LicenceViewController.m in Sources */,
				052A3DAE1754A25C0064B176 /* FeedbackViewController.m in Sources */,
				052A3DB11754BE500064B176 /* FMFeedback.m in Sources */,
				052A3DB41754C0B50064B176 /* FMFeedbackNetworkOperation.m in Sources */,
			);
			runOnlyForDeploymentPostprocessing = 0;
		};
/* End PBXSourcesBuildPhase section */

/* Begin PBXTargetDependency section */
		05AA7CFA174A25560034B054 /* PBXTargetDependency */ = {
			isa = PBXTargetDependency;
			target = 05D4714C172C2D8800556FDC /* FaceMemo */;
			targetProxy = 05AA7CF9174A25560034B054 /* PBXContainerItemProxy */;
		};
/* End PBXTargetDependency section */

/* Begin PBXVariantGroup section */
		05AA7CED174A25100034B054 /* InfoPlist.strings */ = {
			isa = PBXVariantGroup;
			children = (
				05AA7CEE174A25100034B054 /* en */,
			);
			name = InfoPlist.strings;
			sourceTree = "<group>";
		};
		05D47159172C2D8800556FDC /* InfoPlist.strings */ = {
			isa = PBXVariantGroup;
			children = (
				05D4715A172C2D8800556FDC /* en */,
			);
			name = InfoPlist.strings;
			sourceTree = "<group>";
		};
		05D47168172C2D8800556FDC /* MainStoryboard.storyboard */ = {
			isa = PBXVariantGroup;
			children = (
				05D47169172C2D8900556FDC /* en */,
			);
			name = MainStoryboard.storyboard;
			sourceTree = "<group>";
		};
/* End PBXVariantGroup section */

/* Begin XCBuildConfiguration section */
		05AA7CF4174A25100034B054 /* Debug */ = {
			isa = XCBuildConfiguration;
			buildSettings = {
				BUNDLE_LOADER = "$(BUILT_PRODUCTS_DIR)/FaceMemo.app/FaceMemo";
				FRAMEWORK_SEARCH_PATHS = (
					"\"$(SDKROOT)/Developer/Library/Frameworks\"",
					"\"$(DEVELOPER_LIBRARY_DIR)/Frameworks\"",
				);
				GCC_PRECOMPILE_PREFIX_HEADER = YES;
				GCC_PREFIX_HEADER = "FaceMemoUnitTests/FaceMemoUnitTests-Prefix.pch";
				INFOPLIST_FILE = "FaceMemoUnitTests/FaceMemoUnitTests-Info.plist";
				LIBRARY_SEARCH_PATHS = (
					"$(inherited)",
					"\"$(SRCROOT)/GoogleAnalytics\"",
				);
				OTHER_LDFLAGS = (
					"-all_load",
					"-ObjC",
				);
				PRODUCT_NAME = "$(TARGET_NAME)";
				TEST_HOST = "$(BUNDLE_LOADER) ";
				WRAPPER_EXTENSION = octest;
			};
			name = Debug;
		};
		05AA7CF5174A25100034B054 /* Release */ = {
			isa = XCBuildConfiguration;
			buildSettings = {
				BUNDLE_LOADER = "$(BUILT_PRODUCTS_DIR)/FaceMemo.app/FaceMemo";
				FRAMEWORK_SEARCH_PATHS = (
					"\"$(SDKROOT)/Developer/Library/Frameworks\"",
					"\"$(DEVELOPER_LIBRARY_DIR)/Frameworks\"",
				);
				GCC_PRECOMPILE_PREFIX_HEADER = YES;
				GCC_PREFIX_HEADER = "FaceMemoUnitTests/FaceMemoUnitTests-Prefix.pch";
				INFOPLIST_FILE = "FaceMemoUnitTests/FaceMemoUnitTests-Info.plist";
				LIBRARY_SEARCH_PATHS = (
					"$(inherited)",
					"\"$(SRCROOT)/GoogleAnalytics\"",
				);
				OTHER_LDFLAGS = (
					"-all_load",
					"-ObjC",
				);
				PRODUCT_NAME = "$(TARGET_NAME)";
				TEST_HOST = "$(BUNDLE_LOADER) ";
				WRAPPER_EXTENSION = octest;
			};
			name = Release;
		};
		05D4716E172C2D8900556FDC /* Debug */ = {
			isa = XCBuildConfiguration;
			buildSettings = {
				ALWAYS_SEARCH_USER_PATHS = NO;
				CLANG_CXX_LANGUAGE_STANDARD = "gnu++0x";
				CLANG_CXX_LIBRARY = "libc++";
				CLANG_ENABLE_OBJC_ARC = YES;
				CLANG_WARN_CONSTANT_CONVERSION = YES;
				CLANG_WARN_EMPTY_BODY = YES;
				CLANG_WARN_ENUM_CONVERSION = YES;
				CLANG_WARN_INT_CONVERSION = YES;
				CLANG_WARN__DUPLICATE_METHOD_MATCH = YES;
				"CODE_SIGN_IDENTITY[sdk=iphoneos*]" = "iPhone Developer";
				COPY_PHASE_STRIP = NO;
				GCC_C_LANGUAGE_STANDARD = gnu99;
				GCC_DYNAMIC_NO_PIC = NO;
				GCC_OPTIMIZATION_LEVEL = 0;
				GCC_PREPROCESSOR_DEFINITIONS = (
					"DEBUG=1",
					"$(inherited)",
				);
				GCC_SYMBOLS_PRIVATE_EXTERN = NO;
				GCC_WARN_ABOUT_RETURN_TYPE = YES;
				GCC_WARN_UNINITIALIZED_AUTOS = YES;
				GCC_WARN_UNUSED_VARIABLE = YES;
				IPHONEOS_DEPLOYMENT_TARGET = 6.1;
				ONLY_ACTIVE_ARCH = YES;
				SDKROOT = iphoneos;
			};
			name = Debug;
		};
		05D4716F172C2D8900556FDC /* Release */ = {
			isa = XCBuildConfiguration;
			buildSettings = {
				ALWAYS_SEARCH_USER_PATHS = NO;
				CLANG_CXX_LANGUAGE_STANDARD = "gnu++0x";
				CLANG_CXX_LIBRARY = "libc++";
				CLANG_ENABLE_OBJC_ARC = YES;
				CLANG_WARN_CONSTANT_CONVERSION = YES;
				CLANG_WARN_EMPTY_BODY = YES;
				CLANG_WARN_ENUM_CONVERSION = YES;
				CLANG_WARN_INT_CONVERSION = YES;
				CLANG_WARN__DUPLICATE_METHOD_MATCH = YES;
				"CODE_SIGN_IDENTITY[sdk=iphoneos*]" = "iPhone Developer";
				COPY_PHASE_STRIP = YES;
				GCC_C_LANGUAGE_STANDARD = gnu99;
				GCC_WARN_ABOUT_RETURN_TYPE = YES;
				GCC_WARN_UNINITIALIZED_AUTOS = YES;
				GCC_WARN_UNUSED_VARIABLE = YES;
				IPHONEOS_DEPLOYMENT_TARGET = 6.1;
				OTHER_CFLAGS = "-DNS_BLOCK_ASSERTIONS=1";
				SDKROOT = iphoneos;
				VALIDATE_PRODUCT = YES;
			};
			name = Release;
		};
		05D47171172C2D8900556FDC /* Debug */ = {
			isa = XCBuildConfiguration;
			buildSettings = {
				FRAMEWORK_SEARCH_PATHS = (
					"$(inherited)",
					"\"$(SRCROOT)\"",
				);
				GCC_PRECOMPILE_PREFIX_HEADER = YES;
				GCC_PREFIX_HEADER = "FaceMemo/FaceMemo-Prefix.pch";
				INFOPLIST_FILE = "FaceMemo/FaceMemo-Info.plist";
				LIBRARY_SEARCH_PATHS = (
					"$(inherited)",
					"\"$(SRCROOT)/GoogleAnalytics\"",
					"\"$(SRCROOT)/CrittercismSDK\"",
				);
				PRODUCT_NAME = "$(TARGET_NAME)";
				WRAPPER_EXTENSION = app;
			};
			name = Debug;
		};
		05D47172172C2D8900556FDC /* Release */ = {
			isa = XCBuildConfiguration;
			buildSettings = {
				FRAMEWORK_SEARCH_PATHS = (
					"$(inherited)",
					"\"$(SRCROOT)\"",
				);
				GCC_PRECOMPILE_PREFIX_HEADER = YES;
				GCC_PREFIX_HEADER = "FaceMemo/FaceMemo-Prefix.pch";
				INFOPLIST_FILE = "FaceMemo/FaceMemo-Info.plist";
				LIBRARY_SEARCH_PATHS = (
					"$(inherited)",
					"\"$(SRCROOT)/GoogleAnalytics\"",
					"\"$(SRCROOT)/CrittercismSDK\"",
				);
				PRODUCT_NAME = "$(TARGET_NAME)";
				WRAPPER_EXTENSION = app;
			};
			name = Release;
		};
/* End XCBuildConfiguration section */

/* Begin XCConfigurationList section */
		05AA7CF6174A25100034B054 /* Build configuration list for PBXNativeTarget "FaceMemoUnitTests" */ = {
			isa = XCConfigurationList;
			buildConfigurations = (
				05AA7CF4174A25100034B054 /* Debug */,
				05AA7CF5174A25100034B054 /* Release */,
			);
			defaultConfigurationIsVisible = 0;
			defaultConfigurationName = Release;
		};
		05D47148172C2D8800556FDC /* Build configuration list for PBXProject "FaceMemo" */ = {
			isa = XCConfigurationList;
			buildConfigurations = (
				05D4716E172C2D8900556FDC /* Debug */,
				05D4716F172C2D8900556FDC /* Release */,
			);
			defaultConfigurationIsVisible = 0;
			defaultConfigurationName = Release;
		};
		05D47170172C2D8900556FDC /* Build configuration list for PBXNativeTarget "FaceMemo" */ = {
			isa = XCConfigurationList;
			buildConfigurations = (
				05D47171172C2D8900556FDC /* Debug */,
				05D47172172C2D8900556FDC /* Release */,
			);
			defaultConfigurationIsVisible = 0;
			defaultConfigurationName = Release;
		};
/* End XCConfigurationList section */
	};
	rootObject = 05D47145172C2D8800556FDC /* Project object */;
}
